// !$*UTF8*$!
{
	archiveVersion = 1;
	classes = {
	};
	objectVersion = 50;
	objects = {

/* Begin PBXBuildFile section */
		BC097CFC212173F8000315AA /* AppDelegate.m in Sources */ = {isa = PBXBuildFile; fileRef = BC097CFB212173F8000315AA /* AppDelegate.m */; };
		BC097CFF212173F8000315AA /* ViewController.m in Sources */ = {isa = PBXBuildFile; fileRef = BC097CFE212173F8000315AA /* ViewController.m */; };
		BC097D02212173F8000315AA /* Main.storyboard in Resources */ = {isa = PBXBuildFile; fileRef = BC097D00212173F8000315AA /* Main.storyboard */; };
		BC097D0421217400000315AA /* Assets.xcassets in Resources */ = {isa = PBXBuildFile; fileRef = BC097D0321217400000315AA /* Assets.xcassets */; };
		BC097D0721217400000315AA /* LaunchScreen.storyboard in Resources */ = {isa = PBXBuildFile; fileRef = BC097D0521217400000315AA /* LaunchScreen.storyboard */; };
		BC097D0A21217400000315AA /* main.m in Sources */ = {isa = PBXBuildFile; fileRef = BC097D0921217400000315AA /* main.m */; };
		BC097D112121741E000315AA /* Default-568h@2x.png in Resources */ = {isa = PBXBuildFile; fileRef = BC097D102121741E000315AA /* Default-568h@2x.png */; };
		BC097D1521217449000315AA /* GLESView.mm in Sources */ = {isa = PBXBuildFile; fileRef = BC097D1421217449000315AA /* GLESView.mm */; };
		BC097D1821217461000315AA /* QuartzCore.framework in Frameworks */ = {isa = PBXBuildFile; fileRef = BC097D1721217461000315AA /* QuartzCore.framework */; };
		BC097D1A21217467000315AA /* OpenGLES.framework in Frameworks */ = {isa = PBXBuildFile; fileRef = BC097D1921217467000315AA /* OpenGLES.framework */; };
/* End PBXBuildFile section */

/* Begin PBXFileReference section */
		BC097CF7212173F8000315AA /* CubleLights.app */ = {isa = PBXFileReference; explicitFileType = wrapper.application; includeInIndex = 0; path = CubleLights.app; sourceTree = BUILT_PRODUCTS_DIR; };
		BC097CFA212173F8000315AA /* AppDelegate.h */ = {isa = PBXFileReference; lastKnownFileType = sourcecode.c.h; path = AppDelegate.h; sourceTree = "<group>"; };
		BC097CFB212173F8000315AA /* AppDelegate.m */ = {isa = PBXFileReference; lastKnownFileType = sourcecode.c.objc; path = AppDelegate.m; sourceTree = "<group>"; };
		BC097CFD212173F8000315AA /* ViewController.h */ = {isa = PBXFileReference; lastKnownFileType = sourcecode.c.h; path = ViewController.h; sourceTree = "<group>"; };
		BC097CFE212173F8000315AA /* ViewController.m */ = {isa = PBXFileReference; lastKnownFileType = sourcecode.c.objc; path = ViewController.m; sourceTree = "<group>"; };
		BC097D01212173F8000315AA /* Base */ = {isa = PBXFileReference; lastKnownFileType = file.storyboard; name = Base; path = Base.lproj/Main.storyboard; sourceTree = "<group>"; };
		BC097D0321217400000315AA /* Assets.xcassets */ = {isa = PBXFileReference; lastKnownFileType = folder.assetcatalog; path = Assets.xcassets; sourceTree = "<group>"; };
		BC097D0621217400000315AA /* Base */ = {isa = PBXFileReference; lastKnownFileType = file.storyboard; name = Base; path = Base.lproj/LaunchScreen.storyboard; sourceTree = "<group>"; };
		BC097D0821217400000315AA /* Info.plist */ = {isa = PBXFileReference; lastKnownFileType = text.plist.xml; path = Info.plist; sourceTree = "<group>"; };
		BC097D0921217400000315AA /* main.m */ = {isa = PBXFileReference; lastKnownFileType = sourcecode.c.objc; path = main.m; sourceTree = "<group>"; };
		BC097D102121741E000315AA /* Default-568h@2x.png */ = {isa = PBXFileReference; lastKnownFileType = image.png; path = "Default-568h@2x.png"; sourceTree = "<group>"; };
		BC097D1321217449000315AA /* GLESView.h */ = {isa = PBXFileReference; lastKnownFileType = sourcecode.c.h; path = GLESView.h; sourceTree = "<group>"; };
		BC097D1421217449000315AA /* GLESView.mm */ = {isa = PBXFileReference; lastKnownFileType = sourcecode.cpp.objcpp; path = GLESView.mm; sourceTree = "<group>"; };
		BC097D1721217461000315AA /* QuartzCore.framework */ = {isa = PBXFileReference; lastKnownFileType = wrapper.framework; name = QuartzCore.framework; path = System/Library/Frameworks/QuartzCore.framework; sourceTree = SDKROOT; };
		BC097D1921217467000315AA /* OpenGLES.framework */ = {isa = PBXFileReference; lastKnownFileType = wrapper.framework; name = OpenGLES.framework; path = System/Library/Frameworks/OpenGLES.framework; sourceTree = SDKROOT; };
/* End PBXFileReference section */

/* Begin PBXFrameworksBuildPhase section */
		BC097CF4212173F8000315AA /* Frameworks */ = {
			isa = PBXFrameworksBuildPhase;
			buildActionMask = 2147483647;
			files = (
				BC097D1A21217467000315AA /* OpenGLES.framework in Frameworks */,
				BC097D1821217461000315AA /* QuartzCore.framework in Frameworks */,
			);
			runOnlyForDeploymentPostprocessing = 0;
		};
/* End PBXFrameworksBuildPhase section */

/* Begin PBXGroup section */
		BC097CEE212173F8000315AA = {
			isa = PBXGroup;
			children = (
				BC097D1221217430000315AA /* Resources */,
				BC097CF9212173F8000315AA /* CubleLights */,
				BC097CF8212173F8000315AA /* Products */,
				BC097D1621217460000315AA /* Frameworks */,
			);
			sourceTree = "<group>";
		};
		BC097CF8212173F8000315AA /* Products */ = {
			isa = PBXGroup;
			children = (
				BC097CF7212173F8000315AA /* CubleLights.app */,
			);
			name = Products;
			sourceTree = "<group>";
		};
		BC097CF9212173F8000315AA /* CubleLights */ = {
			isa = PBXGroup;
			children = (
				BC097D1321217449000315AA /* GLESView.h */,
				BC097D1421217449000315AA /* GLESView.mm */,
				BC097CFA212173F8000315AA /* AppDelegate.h */,
				BC097CFB212173F8000315AA /* AppDelegate.m */,
				BC097CFD212173F8000315AA /* ViewController.h */,
				BC097CFE212173F8000315AA /* ViewController.m */,
				BC097D00212173F8000315AA /* Main.storyboard */,
				BC097D0321217400000315AA /* Assets.xcassets */,
				BC097D0521217400000315AA /* LaunchScreen.storyboard */,
				BC097D0821217400000315AA /* Info.plist */,
				BC097D0921217400000315AA /* main.m */,
			);
			path = CubleLights;
			sourceTree = "<group>";
		};
		BC097D1221217430000315AA /* Resources */ = {
			isa = PBXGroup;
			children = (
				BC097D102121741E000315AA /* Default-568h@2x.png */,
			);
			path = Resources;
			sourceTree = "<group>";
		};
		BC097D1621217460000315AA /* Frameworks */ = {
			isa = PBXGroup;
			children = (
				BC097D1921217467000315AA /* OpenGLES.framework */,
				BC097D1721217461000315AA /* QuartzCore.framework */,
			);
			name = Frameworks;
			sourceTree = "<group>";
		};
/* End PBXGroup section */

/* Begin PBXNativeTarget section */
		BC097CF6212173F8000315AA /* CubleLights */ = {
			isa = PBXNativeTarget;
			buildConfigurationList = BC097D0D21217400000315AA /* Build configuration list for PBXNativeTarget "CubleLights" */;
			buildPhases = (
				BC097CF3212173F8000315AA /* Sources */,
				BC097CF4212173F8000315AA /* Frameworks */,
				BC097CF5212173F8000315AA /* Resources */,
			);
			buildRules = (
			);
			dependencies = (
			);
			name = CubleLights;
			productName = CubleLights;
			productReference = BC097CF7212173F8000315AA /* CubleLights.app */;
			productType = "com.apple.product-type.application";
		};
/* End PBXNativeTarget section */

/* Begin PBXProject section */
		BC097CEF212173F8000315AA /* Project object */ = {
			isa = PBXProject;
			attributes = {
				LastUpgradeCheck = 0940;
				TargetAttributes = {
					BC097CF6212173F8000315AA = {
						CreatedOnToolsVersion = 9.4.1;
					};
				};
			};
			buildConfigurationList = BC097CF2212173F8000315AA /* Build configuration list for PBXProject "CubleLights" */;
			compatibilityVersion = "Xcode 9.3";
			developmentRegion = en;
			hasScannedForEncodings = 0;
			knownRegions = (
				en,
				Base,
			);
			mainGroup = BC097CEE212173F8000315AA;
			productRefGroup = BC097CF8212173F8000315AA /* Products */;
			projectDirPath = "";
			projectRoot = "";
			targets = (
				BC097CF6212173F8000315AA /* CubleLights */,
			);
		};
/* End PBXProject section */

/* Begin PBXResourcesBuildPhase section */
		BC097CF5212173F8000315AA /* Resources */ = {
			isa = PBXResourcesBuildPhase;
			buildActionMask = 2147483647;
			files = (
				BC097D0721217400000315AA /* LaunchScreen.storyboard in Resources */,
				BC097D112121741E000315AA /* Default-568h@2x.png in Resources */,
				BC097D0421217400000315AA /* Assets.xcassets in Resources */,
				BC097D02212173F8000315AA /* Main.storyboard in Resources */,
			);
			runOnlyForDeploymentPostprocessing = 0;
		};
/* End PBXResourcesBuildPhase section */

/* Begin PBXSourcesBuildPhase section */
		BC097CF3212173F8000315AA /* Sources */ = {
			isa = PBXSourcesBuildPhase;
			buildActionMask = 2147483647;
			files = (
				BC097CFF212173F8000315AA /* ViewController.m in Sources */,
				BC097D0A21217400000315AA /* main.m in Sources */,
				BC097CFC212173F8000315AA /* AppDelegate.m in Sources */,
				BC097D1521217449000315AA /* GLESView.mm in Sources */,
			);
			runOnlyForDeploymentPostprocessing = 0;
		};
/* End PBXSourcesBuildPhase section */

/* Begin PBXVariantGroup section */
		BC097D00212173F8000315AA /* Main.storyboard */ = {
			isa = PBXVariantGroup;
			children = (
				BC097D01212173F8000315AA /* Base */,
			);
			name = Main.storyboard;
			sourceTree = "<group>";
		};
		BC097D0521217400000315AA /* LaunchScreen.storyboard */ = {
			isa = PBXVariantGroup;
			children = (
				BC097D0621217400000315AA /* Base */,
			);
			name = LaunchScreen.storyboard;
			sourceTree = "<group>";
		};
/* End PBXVariantGroup section */

/* Begin XCBuildConfiguration section */
		BC097D0B21217400000315AA /* Debug */ = {
			isa = XCBuildConfiguration;
			buildSettings = {
				ALWAYS_SEARCH_USER_PATHS = NO;
				CLANG_ANALYZER_NONNULL = YES;
				CLANG_ANALYZER_NUMBER_OBJECT_CONVERSION = YES_AGGRESSIVE;
				CLANG_CXX_LANGUAGE_STANDARD = "gnu++14";
				CLANG_CXX_LIBRARY = "libc++";
				CLANG_ENABLE_MODULES = YES;
				CLANG_ENABLE_OBJC_ARC = YES;
				CLANG_ENABLE_OBJC_WEAK = YES;
				CLANG_WARN_BLOCK_CAPTURE_AUTORELEASING = YES;
				CLANG_WARN_BOOL_CONVERSION = YES;
				CLANG_WARN_COMMA = YES;
				CLANG_WARN_CONSTANT_CONVERSION = YES;
				CLANG_WARN_DEPRECATED_OBJC_IMPLEMENTATIONS = YES;
				CLANG_WARN_DIRECT_OBJC_ISA_USAGE = YES_ERROR;
				CLANG_WARN_DOCUMENTATION_COMMENTS = YES;
				CLANG_WARN_EMPTY_BODY = YES;
				CLANG_WARN_ENUM_CONVERSION = YES;
				CLANG_WARN_INFINITE_RECURSION = YES;
				CLANG_WARN_INT_CONVERSION = YES;
				CLANG_WARN_NON_LITERAL_NULL_CONVERSION = YES;
				CLANG_WARN_OBJC_IMPLICIT_RETAIN_SELF = YES;
				CLANG_WARN_OBJC_LITERAL_CONVERSION = YES;
				CLANG_WARN_OBJC_ROOT_CLASS = YES_ERROR;
				CLANG_WARN_RANGE_LOOP_ANALYSIS = YES;
				CLANG_WARN_STRICT_PROTOTYPES = YES;
				CLANG_WARN_SUSPICIOUS_MOVE = YES;
				CLANG_WARN_UNGUARDED_AVAILABILITY = YES_AGGRESSIVE;
				CLANG_WARN_UNREACHABLE_CODE = YES;
				CLANG_WARN__DUPLICATE_METHOD_MATCH = YES;
				CODE_SIGN_IDENTITY = "iPhone Developer";
				COPY_PHASE_STRIP = NO;
				DEBUG_INFORMATION_FORMAT = dwarf;
				ENABLE_STRICT_OBJC_MSGSEND = YES;
				ENABLE_TESTABILITY = YES;
				GCC_C_LANGUAGE_STANDARD = gnu11;
				GCC_DYNAMIC_NO_PIC = NO;
				GCC_NO_COMMON_BLOCKS = YES;
				GCC_OPTIMIZATION_LEVEL = 0;
				GCC_PREPROCESSOR_DEFINITIONS = (
					"DEBUG=1",
					"$(inherited)",
				);
				GCC_WARN_64_TO_32_BIT_CONVERSION = YES;
				GCC_WARN_ABOUT_RETURN_TYPE = YES_ERROR;
				GCC_WARN_UNDECLARED_SELECTOR = YES;
				GCC_WARN_UNINITIALIZED_AUTOS = YES_AGGRESSIVE;
				GCC_WARN_UNUSED_FUNCTION = YES;
				GCC_WARN_UNUSED_VARIABLE = YES;
				IPHONEOS_DEPLOYMENT_TARGET = 11.4;
				MTL_ENABLE_DEBUG_INFO = YES;
				ONLY_ACTIVE_ARCH = YES;
				SDKROOT = iphoneos;
			};
			name = Debug;
		};
		BC097D0C21217400000315AA /* Release */ = {
			isa = XCBuildConfiguration;
			buildSettings = {
				ALWAYS_SEARCH_USER_PATHS = NO;
				CLANG_ANALYZER_NONNULL = YES;
				CLANG_ANALYZER_NUMBER_OBJECT_CONVERSION = YES_AGGRESSIVE;
				CLANG_CXX_LANGUAGE_STANDARD = "gnu++14";
				CLANG_CXX_LIBRARY = "libc++";
				CLANG_ENABLE_MODULES = YES;
				CLANG_ENABLE_OBJC_ARC = YES;
				CLANG_ENABLE_OBJC_WEAK = YES;
				CLANG_WARN_BLOCK_CAPTURE_AUTORELEASING = YES;
				CLANG_WARN_BOOL_CONVERSION = YES;
				CLANG_WARN_COMMA = YES;
				CLANG_WARN_CONSTANT_CONVERSION = YES;
				CLANG_WARN_DEPRECATED_OBJC_IMPLEMENTATIONS = YES;
				CLANG_WARN_DIRECT_OBJC_ISA_USAGE = YES_ERROR;
				CLANG_WARN_DOCUMENTATION_COMMENTS = YES;
				CLANG_WARN_EMPTY_BODY = YES;
				CLANG_WARN_ENUM_CONVERSION = YES;
				CLANG_WARN_INFINITE_RECURSION = YES;
				CLANG_WARN_INT_CONVERSION = YES;
				CLANG_WARN_NON_LITERAL_NULL_CONVERSION = YES;
				CLANG_WARN_OBJC_IMPLICIT_RETAIN_SELF = YES;
				CLANG_WARN_OBJC_LITERAL_CONVERSION = YES;
				CLANG_WARN_OBJC_ROOT_CLASS = YES_ERROR;
				CLANG_WARN_RANGE_LOOP_ANALYSIS = YES;
				CLANG_WARN_STRICT_PROTOTYPES = YES;
				CLANG_WARN_SUSPICIOUS_MOVE = YES;
				CLANG_WARN_UNGUARDED_AVAILABILITY = YES_AGGRESSIVE;
				CLANG_WARN_UNREACHABLE_CODE = YES;
				CLANG_WARN__DUPLICATE_METHOD_MATCH = YES;
				CODE_SIGN_IDENTITY = "iPhone Developer";
				COPY_PHASE_STRIP = NO;
				DEBUG_INFORMATION_FORMAT = "dwarf-with-dsym";
				ENABLE_NS_ASSERTIONS = NO;
				ENABLE_STRICT_OBJC_MSGSEND = YES;
				GCC_C_LANGUAGE_STANDARD = gnu11;
				GCC_NO_COMMON_BLOCKS = YES;
				GCC_WARN_64_TO_32_BIT_CONVERSION = YES;
				GCC_WARN_ABOUT_RETURN_TYPE = YES_ERROR;
				GCC_WARN_UNDECLARED_SELECTOR = YES;
				GCC_WARN_UNINITIALIZED_AUTOS = YES_AGGRESSIVE;
				GCC_WARN_UNUSED_FUNCTION = YES;
				GCC_WARN_UNUSED_VARIABLE = YES;
				IPHONEOS_DEPLOYMENT_TARGET = 11.4;
				MTL_ENABLE_DEBUG_INFO = NO;
				SDKROOT = iphoneos;
				VALIDATE_PRODUCT = YES;
			};
			name = Release;
		};
		BC097D0E21217400000315AA /* Debug */ = {
			isa = XCBuildConfiguration;
			buildSettings = {
				ASSETCATALOG_COMPILER_APPICON_NAME = AppIcon;
				CLANG_ENABLE_OBJC_ARC = NO;
				CODE_SIGN_STYLE = Manual;
				DEVELOPMENT_TEAM = "";
				INFOPLIST_FILE = CubleLights/Info.plist;
				LD_RUNPATH_SEARCH_PATHS = (
					"$(inherited)",
					"@executable_path/Frameworks",
				);
				PRODUCT_BUNDLE_IDENTIFIER = astromedicomp.org.CubleLights;
				PRODUCT_NAME = "$(TARGET_NAME)";
				PROVISIONING_PROFILE_SPECIFIER = "";
				TARGETED_DEVICE_FAMILY = 1;
			};
			name = Debug;
		};
		BC097D0F21217400000315AA /* Release */ = {
			isa = XCBuildConfiguration;
			buildSettings = {
				ASSETCATALOG_COMPILER_APPICON_NAME = AppIcon;
				CLANG_ENABLE_OBJC_ARC = NO;
				CODE_SIGN_STYLE = Manual;
				DEVELOPMENT_TEAM = "";
				INFOPLIST_FILE = CubleLights/Info.plist;
				LD_RUNPATH_SEARCH_PATHS = (
					"$(inherited)",
					"@executable_path/Frameworks",
				);
				PRODUCT_BUNDLE_IDENTIFIER = astromedicomp.org.CubleLights;
				PRODUCT_NAME = "$(TARGET_NAME)";
				PROVISIONING_PROFILE_SPECIFIER = "";
				TARGETED_DEVICE_FAMILY = 1;
			};
			name = Release;
		};
/* End XCBuildConfiguration section */

/* Begin XCConfigurationList section */
		BC097CF2212173F8000315AA /* Build configuration list for PBXProject "CubleLights" */ = {
			isa = XCConfigurationList;
			buildConfigurations = (
				BC097D0B21217400000315AA /* Debug */,
				BC097D0C21217400000315AA /* Release */,
			);
			defaultConfigurationIsVisible = 0;
			defaultConfigurationName = Release;
		};
		BC097D0D21217400000315AA /* Build configuration list for PBXNativeTarget "CubleLights" */ = {
			isa = XCConfigurationList;
			buildConfigurations = (
				BC097D0E21217400000315AA /* Debug */,
				BC097D0F21217400000315AA /* Release */,
			);
			defaultConfigurationIsVisible = 0;
			defaultConfigurationName = Release;
		};
/* End XCConfigurationList section */
	};
	rootObject = BC097CEF212173F8000315AA /* Project object */;
}
