// !$*UTF8*$!
{
	archiveVersion = 1;
	classes = {
	};
	objectVersion = 50;
	objects = {

/* Begin PBXBuildFile section */
		BC097C482121711C000315AA /* AppDelegate.m in Sources */ = {isa = PBXBuildFile; fileRef = BC097C472121711C000315AA /* AppDelegate.m */; };
		BC097C4B2121711C000315AA /* ViewController.m in Sources */ = {isa = PBXBuildFile; fileRef = BC097C4A2121711C000315AA /* ViewController.m */; };
		BC097C4E2121711C000315AA /* Main.storyboard in Resources */ = {isa = PBXBuildFile; fileRef = BC097C4C2121711C000315AA /* Main.storyboard */; };
		BC097C5021217127000315AA /* Assets.xcassets in Resources */ = {isa = PBXBuildFile; fileRef = BC097C4F21217127000315AA /* Assets.xcassets */; };
		BC097C5321217127000315AA /* LaunchScreen.storyboard in Resources */ = {isa = PBXBuildFile; fileRef = BC097C5121217127000315AA /* LaunchScreen.storyboard */; };
		BC097C5621217127000315AA /* main.m in Sources */ = {isa = PBXBuildFile; fileRef = BC097C5521217127000315AA /* main.m */; };
		BC097C5E21217140000315AA /* QuartzCore.framework in Frameworks */ = {isa = PBXBuildFile; fileRef = BC097C5D21217140000315AA /* QuartzCore.framework */; };
		BC097C6021217148000315AA /* OpenGLES.framework in Frameworks */ = {isa = PBXBuildFile; fileRef = BC097C5F21217148000315AA /* OpenGLES.framework */; };
		BC097C6221217159000315AA /* Default-568h@2x.png in Resources */ = {isa = PBXBuildFile; fileRef = BC097C6121217159000315AA /* Default-568h@2x.png */; };
		BC097C6621217187000315AA /* GLESView.mm in Sources */ = {isa = PBXBuildFile; fileRef = BC097C6521217187000315AA /* GLESView.mm */; };
		BC097D5021218922000315AA /* Stone.bmp in Resources */ = {isa = PBXBuildFile; fileRef = BC097D4E21218921000315AA /* Stone.bmp */; };
		BC097D5121218922000315AA /* Vijay_Kundali.bmp in Resources */ = {isa = PBXBuildFile; fileRef = BC097D4F21218922000315AA /* Vijay_Kundali.bmp */; };
/* End PBXBuildFile section */

/* Begin PBXFileReference section */
		BC097C432121711C000315AA /* 3DTexture.app */ = {isa = PBXFileReference; explicitFileType = wrapper.application; includeInIndex = 0; path = 3DTexture.app; sourceTree = BUILT_PRODUCTS_DIR; };
		BC097C462121711C000315AA /* AppDelegate.h */ = {isa = PBXFileReference; lastKnownFileType = sourcecode.c.h; path = AppDelegate.h; sourceTree = "<group>"; };
		BC097C472121711C000315AA /* AppDelegate.m */ = {isa = PBXFileReference; lastKnownFileType = sourcecode.c.objc; path = AppDelegate.m; sourceTree = "<group>"; };
		BC097C492121711C000315AA /* ViewController.h */ = {isa = PBXFileReference; lastKnownFileType = sourcecode.c.h; path = ViewController.h; sourceTree = "<group>"; };
		BC097C4A2121711C000315AA /* ViewController.m */ = {isa = PBXFileReference; lastKnownFileType = sourcecode.c.objc; path = ViewController.m; sourceTree = "<group>"; };
		BC097C4D2121711C000315AA /* Base */ = {isa = PBXFileReference; lastKnownFileType = file.storyboard; name = Base; path = Base.lproj/Main.storyboard; sourceTree = "<group>"; };
		BC097C4F21217127000315AA /* Assets.xcassets */ = {isa = PBXFileReference; lastKnownFileType = folder.assetcatalog; path = Assets.xcassets; sourceTree = "<group>"; };
		BC097C5221217127000315AA /* Base */ = {isa = PBXFileReference; lastKnownFileType = file.storyboard; name = Base; path = Base.lproj/LaunchScreen.storyboard; sourceTree = "<group>"; };
		BC097C5421217127000315AA /* Info.plist */ = {isa = PBXFileReference; lastKnownFileType = text.plist.xml; path = Info.plist; sourceTree = "<group>"; };
		BC097C5521217127000315AA /* main.m */ = {isa = PBXFileReference; lastKnownFileType = sourcecode.c.objc; path = main.m; sourceTree = "<group>"; };
		BC097C5D21217140000315AA /* QuartzCore.framework */ = {isa = PBXFileReference; lastKnownFileType = wrapper.framework; name = QuartzCore.framework; path = System/Library/Frameworks/QuartzCore.framework; sourceTree = SDKROOT; };
		BC097C5F21217148000315AA /* OpenGLES.framework */ = {isa = PBXFileReference; lastKnownFileType = wrapper.framework; name = OpenGLES.framework; path = System/Library/Frameworks/OpenGLES.framework; sourceTree = SDKROOT; };
		BC097C6121217159000315AA /* Default-568h@2x.png */ = {isa = PBXFileReference; lastKnownFileType = image.png; path = "Default-568h@2x.png"; sourceTree = "<group>"; };
		BC097C6421217187000315AA /* GLESView.h */ = {isa = PBXFileReference; lastKnownFileType = sourcecode.c.h; path = GLESView.h; sourceTree = "<group>"; };
		BC097C6521217187000315AA /* GLESView.mm */ = {isa = PBXFileReference; lastKnownFileType = sourcecode.cpp.objcpp; path = GLESView.mm; sourceTree = "<group>"; };
		BC097D4E21218921000315AA /* Stone.bmp */ = {isa = PBXFileReference; lastKnownFileType = image.bmp; path = Stone.bmp; sourceTree = "<group>"; };
		BC097D4F21218922000315AA /* Vijay_Kundali.bmp */ = {isa = PBXFileReference; lastKnownFileType = image.bmp; path = Vijay_Kundali.bmp; sourceTree = "<group>"; };
/* End PBXFileReference section */

/* Begin PBXFrameworksBuildPhase section */
		BC097C402121711C000315AA /* Frameworks */ = {
			isa = PBXFrameworksBuildPhase;
			buildActionMask = 2147483647;
			files = (
				BC097C6021217148000315AA /* OpenGLES.framework in Frameworks */,
				BC097C5E21217140000315AA /* QuartzCore.framework in Frameworks */,
			);
			runOnlyForDeploymentPostprocessing = 0;
		};
/* End PBXFrameworksBuildPhase section */

/* Begin PBXGroup section */
		BC097C3A2121711C000315AA = {
			isa = PBXGroup;
			children = (
				BC097C6321217166000315AA /* Resources */,
				BC097C452121711C000315AA /* 3DTexture */,
				BC097C442121711C000315AA /* Products */,
				BC097C5C21217140000315AA /* Frameworks */,
			);
			sourceTree = "<group>";
		};
		BC097C442121711C000315AA /* Products */ = {
			isa = PBXGroup;
			children = (
				BC097C432121711C000315AA /* 3DTexture.app */,
			);
			name = Products;
			sourceTree = "<group>";
		};
		BC097C452121711C000315AA /* 3DTexture */ = {
			isa = PBXGroup;
			children = (
				BC097C6421217187000315AA /* GLESView.h */,
				BC097C6521217187000315AA /* GLESView.mm */,
				BC097C462121711C000315AA /* AppDelegate.h */,
				BC097C472121711C000315AA /* AppDelegate.m */,
				BC097C492121711C000315AA /* ViewController.h */,
				BC097C4A2121711C000315AA /* ViewController.m */,
				BC097C4C2121711C000315AA /* Main.storyboard */,
				BC097C4F21217127000315AA /* Assets.xcassets */,
				BC097C5121217127000315AA /* LaunchScreen.storyboard */,
				BC097C5421217127000315AA /* Info.plist */,
				BC097C5521217127000315AA /* main.m */,
			);
			path = 3DTexture;
			sourceTree = "<group>";
		};
		BC097C5C21217140000315AA /* Frameworks */ = {
			isa = PBXGroup;
			children = (
				BC097C5F21217148000315AA /* OpenGLES.framework */,
				BC097C5D21217140000315AA /* QuartzCore.framework */,
			);
			name = Frameworks;
			sourceTree = "<group>";
		};
		BC097C6321217166000315AA /* Resources */ = {
			isa = PBXGroup;
			children = (
				BC097D4E21218921000315AA /* Stone.bmp */,
				BC097D4F21218922000315AA /* Vijay_Kundali.bmp */,
				BC097C6121217159000315AA /* Default-568h@2x.png */,
			);
			path = Resources;
			sourceTree = "<group>";
		};
/* End PBXGroup section */

/* Begin PBXNativeTarget section */
		BC097C422121711C000315AA /* 3DTexture */ = {
			isa = PBXNativeTarget;
			buildConfigurationList = BC097C5921217127000315AA /* Build configuration list for PBXNativeTarget "3DTexture" */;
			buildPhases = (
				BC097C3F2121711C000315AA /* Sources */,
				BC097C402121711C000315AA /* Frameworks */,
				BC097C412121711C000315AA /* Resources */,
			);
			buildRules = (
			);
			dependencies = (
			);
			name = 3DTexture;
			productName = 3DTexture;
			productReference = BC097C432121711C000315AA /* 3DTexture.app */;
			productType = "com.apple.product-type.application";
		};
/* End PBXNativeTarget section */

/* Begin PBXProject section */
		BC097C3B2121711C000315AA /* Project object */ = {
			isa = PBXProject;
			attributes = {
				LastUpgradeCheck = 0940;
				TargetAttributes = {
					BC097C422121711C000315AA = {
						CreatedOnToolsVersion = 9.4.1;
					};
				};
			};
			buildConfigurationList = BC097C3E2121711C000315AA /* Build configuration list for PBXProject "3DTexture" */;
			compatibilityVersion = "Xcode 9.3";
			developmentRegion = en;
			hasScannedForEncodings = 0;
			knownRegions = (
				en,
				Base,
			);
			mainGroup = BC097C3A2121711C000315AA;
			productRefGroup = BC097C442121711C000315AA /* Products */;
			projectDirPath = "";
			projectRoot = "";
			targets = (
				BC097C422121711C000315AA /* 3DTexture */,
			);
		};
/* End PBXProject section */

/* Begin PBXResourcesBuildPhase section */
		BC097C412121711C000315AA /* Resources */ = {
			isa = PBXResourcesBuildPhase;
			buildActionMask = 2147483647;
			files = (
				BC097C5321217127000315AA /* LaunchScreen.storyboard in Resources */,
				BC097C6221217159000315AA /* Default-568h@2x.png in Resources */,
				BC097D5121218922000315AA /* Vijay_Kundali.bmp in Resources */,
				BC097D5021218922000315AA /* Stone.bmp in Resources */,
				BC097C5021217127000315AA /* Assets.xcassets in Resources */,
				BC097C4E2121711C000315AA /* Main.storyboard in Resources */,
			);
			runOnlyForDeploymentPostprocessing = 0;
		};
/* End PBXResourcesBuildPhase section */

/* Begin PBXSourcesBuildPhase section */
		BC097C3F2121711C000315AA /* Sources */ = {
			isa = PBXSourcesBuildPhase;
			buildActionMask = 2147483647;
			files = (
				BC097C4B2121711C000315AA /* ViewController.m in Sources */,
				BC097C5621217127000315AA /* main.m in Sources */,
				BC097C482121711C000315AA /* AppDelegate.m in Sources */,
				BC097C6621217187000315AA /* GLESView.mm in Sources */,
			);
			runOnlyForDeploymentPostprocessing = 0;
		};
/* End PBXSourcesBuildPhase section */

/* Begin PBXVariantGroup section */
		BC097C4C2121711C000315AA /* Main.storyboard */ = {
			isa = PBXVariantGroup;
			children = (
				BC097C4D2121711C000315AA /* Base */,
			);
			name = Main.storyboard;
			sourceTree = "<group>";
		};
		BC097C5121217127000315AA /* LaunchScreen.storyboard */ = {
			isa = PBXVariantGroup;
			children = (
				BC097C5221217127000315AA /* Base */,
			);
			name = LaunchScreen.storyboard;
			sourceTree = "<group>";
		};
/* End PBXVariantGroup section */

/* Begin XCBuildConfiguration section */
		BC097C5721217127000315AA /* Debug */ = {
			isa = XCBuildConfiguration;
			buildSettings = {
				ALWAYS_SEARCH_USER_PATHS = NO;
				CLANG_ANALYZER_NONNULL = YES;
				CLANG_ANALYZER_NUMBER_OBJECT_CONVERSION = YES_AGGRESSIVE;
				CLANG_CXX_LANGUAGE_STANDARD = "gnu++14";
				CLANG_CXX_LIBRARY = "libc++";
				CLANG_ENABLE_MODULES = YES;
				CLANG_ENABLE_OBJC_ARC = YES;
				CLANG_ENABLE_OBJC_WEAK = YES;
				CLANG_WARN_BLOCK_CAPTURE_AUTORELEASING = YES;
				CLANG_WARN_BOOL_CONVERSION = YES;
				CLANG_WARN_COMMA = YES;
				CLANG_WARN_CONSTANT_CONVERSION = YES;
				CLANG_WARN_DEPRECATED_OBJC_IMPLEMENTATIONS = YES;
				CLANG_WARN_DIRECT_OBJC_ISA_USAGE = YES_ERROR;
				CLANG_WARN_DOCUMENTATION_COMMENTS = YES;
				CLANG_WARN_EMPTY_BODY = YES;
				CLANG_WARN_ENUM_CONVERSION = YES;
				CLANG_WARN_INFINITE_RECURSION = YES;
				CLANG_WARN_INT_CONVERSION = YES;
				CLANG_WARN_NON_LITERAL_NULL_CONVERSION = YES;
				CLANG_WARN_OBJC_IMPLICIT_RETAIN_SELF = YES;
				CLANG_WARN_OBJC_LITERAL_CONVERSION = YES;
				CLANG_WARN_OBJC_ROOT_CLASS = YES_ERROR;
				CLANG_WARN_RANGE_LOOP_ANALYSIS = YES;
				CLANG_WARN_STRICT_PROTOTYPES = YES;
				CLANG_WARN_SUSPICIOUS_MOVE = YES;
				CLANG_WARN_UNGUARDED_AVAILABILITY = YES_AGGRESSIVE;
				CLANG_WARN_UNREACHABLE_CODE = YES;
				CLANG_WARN__DUPLICATE_METHOD_MATCH = YES;
				CODE_SIGN_IDENTITY = "iPhone Developer";
				COPY_PHASE_STRIP = NO;
				DEBUG_INFORMATION_FORMAT = dwarf;
				ENABLE_STRICT_OBJC_MSGSEND = YES;
				ENABLE_TESTABILITY = YES;
				GCC_C_LANGUAGE_STANDARD = gnu11;
				GCC_DYNAMIC_NO_PIC = NO;
				GCC_NO_COMMON_BLOCKS = YES;
				GCC_OPTIMIZATION_LEVEL = 0;
				GCC_PREPROCESSOR_DEFINITIONS = (
					"DEBUG=1",
					"$(inherited)",
				);
				GCC_WARN_64_TO_32_BIT_CONVERSION = YES;
				GCC_WARN_ABOUT_RETURN_TYPE = YES_ERROR;
				GCC_WARN_UNDECLARED_SELECTOR = YES;
				GCC_WARN_UNINITIALIZED_AUTOS = YES_AGGRESSIVE;
				GCC_WARN_UNUSED_FUNCTION = YES;
				GCC_WARN_UNUSED_VARIABLE = YES;
				IPHONEOS_DEPLOYMENT_TARGET = 11.4;
				MTL_ENABLE_DEBUG_INFO = YES;
				ONLY_ACTIVE_ARCH = YES;
				SDKROOT = iphoneos;
			};
			name = Debug;
		};
		BC097C5821217127000315AA /* Release */ = {
			isa = XCBuildConfiguration;
			buildSettings = {
				ALWAYS_SEARCH_USER_PATHS = NO;
				CLANG_ANALYZER_NONNULL = YES;
				CLANG_ANALYZER_NUMBER_OBJECT_CONVERSION = YES_AGGRESSIVE;
				CLANG_CXX_LANGUAGE_STANDARD = "gnu++14";
				CLANG_CXX_LIBRARY = "libc++";
				CLANG_ENABLE_MODULES = YES;
				CLANG_ENABLE_OBJC_ARC = YES;
				CLANG_ENABLE_OBJC_WEAK = YES;
				CLANG_WARN_BLOCK_CAPTURE_AUTORELEASING = YES;
				CLANG_WARN_BOOL_CONVERSION = YES;
				CLANG_WARN_COMMA = YES;
				CLANG_WARN_CONSTANT_CONVERSION = YES;
				CLANG_WARN_DEPRECATED_OBJC_IMPLEMENTATIONS = YES;
				CLANG_WARN_DIRECT_OBJC_ISA_USAGE = YES_ERROR;
				CLANG_WARN_DOCUMENTATION_COMMENTS = YES;
				CLANG_WARN_EMPTY_BODY = YES;
				CLANG_WARN_ENUM_CONVERSION = YES;
				CLANG_WARN_INFINITE_RECURSION = YES;
				CLANG_WARN_INT_CONVERSION = YES;
				CLANG_WARN_NON_LITERAL_NULL_CONVERSION = YES;
				CLANG_WARN_OBJC_IMPLICIT_RETAIN_SELF = YES;
				CLANG_WARN_OBJC_LITERAL_CONVERSION = YES;
				CLANG_WARN_OBJC_ROOT_CLASS = YES_ERROR;
				CLANG_WARN_RANGE_LOOP_ANALYSIS = YES;
				CLANG_WARN_STRICT_PROTOTYPES = YES;
				CLANG_WARN_SUSPICIOUS_MOVE = YES;
				CLANG_WARN_UNGUARDED_AVAILABILITY = YES_AGGRESSIVE;
				CLANG_WARN_UNREACHABLE_CODE = YES;
				CLANG_WARN__DUPLICATE_METHOD_MATCH = YES;
				CODE_SIGN_IDENTITY = "iPhone Developer";
				COPY_PHASE_STRIP = NO;
				DEBUG_INFORMATION_FORMAT = "dwarf-with-dsym";
				ENABLE_NS_ASSERTIONS = NO;
				ENABLE_STRICT_OBJC_MSGSEND = YES;
				GCC_C_LANGUAGE_STANDARD = gnu11;
				GCC_NO_COMMON_BLOCKS = YES;
				GCC_WARN_64_TO_32_BIT_CONVERSION = YES;
				GCC_WARN_ABOUT_RETURN_TYPE = YES_ERROR;
				GCC_WARN_UNDECLARED_SELECTOR = YES;
				GCC_WARN_UNINITIALIZED_AUTOS = YES_AGGRESSIVE;
				GCC_WARN_UNUSED_FUNCTION = YES;
				GCC_WARN_UNUSED_VARIABLE = YES;
				IPHONEOS_DEPLOYMENT_TARGET = 11.4;
				MTL_ENABLE_DEBUG_INFO = NO;
				SDKROOT = iphoneos;
				VALIDATE_PRODUCT = YES;
			};
			name = Release;
		};
		BC097C5A21217127000315AA /* Debug */ = {
			isa = XCBuildConfiguration;
			buildSettings = {
				ASSETCATALOG_COMPILER_APPICON_NAME = AppIcon;
				CLANG_ENABLE_OBJC_ARC = NO;
				CODE_SIGN_STYLE = Manual;
				DEVELOPMENT_TEAM = "";
				INFOPLIST_FILE = 3DTexture/Info.plist;
				LD_RUNPATH_SEARCH_PATHS = (
					"$(inherited)",
					"@executable_path/Frameworks",
				);
				PRODUCT_BUNDLE_IDENTIFIER = "astromedicomp.org.-DTexture";
				PRODUCT_NAME = "$(TARGET_NAME)";
				PROVISIONING_PROFILE_SPECIFIER = "";
				TARGETED_DEVICE_FAMILY = 1;
			};
			name = Debug;
		};
		BC097C5B21217127000315AA /* Release */ = {
			isa = XCBuildConfiguration;
			buildSettings = {
				ASSETCATALOG_COMPILER_APPICON_NAME = AppIcon;
				CLANG_ENABLE_OBJC_ARC = NO;
				CODE_SIGN_STYLE = Manual;
				DEVELOPMENT_TEAM = "";
				INFOPLIST_FILE = 3DTexture/Info.plist;
				LD_RUNPATH_SEARCH_PATHS = (
					"$(inherited)",
					"@executable_path/Frameworks",
				);
				PRODUCT_BUNDLE_IDENTIFIER = "astromedicomp.org.-DTexture";
				PRODUCT_NAME = "$(TARGET_NAME)";
				PROVISIONING_PROFILE_SPECIFIER = "";
				TARGETED_DEVICE_FAMILY = 1;
			};
			name = Release;
		};
/* End XCBuildConfiguration section */

/* Begin XCConfigurationList section */
		BC097C3E2121711C000315AA /* Build configuration list for PBXProject "3DTexture" */ = {
			isa = XCConfigurationList;
			buildConfigurations = (
				BC097C5721217127000315AA /* Debug */,
				BC097C5821217127000315AA /* Release */,
			);
			defaultConfigurationIsVisible = 0;
			defaultConfigurationName = Release;
		};
		BC097C5921217127000315AA /* Build configuration list for PBXNativeTarget "3DTexture" */ = {
			isa = XCConfigurationList;
			buildConfigurations = (
				BC097C5A21217127000315AA /* Debug */,
				BC097C5B21217127000315AA /* Release */,
			);
			defaultConfigurationIsVisible = 0;
			defaultConfigurationName = Release;
		};
/* End XCConfigurationList section */
	};
	rootObject = BC097C3B2121711C000315AA /* Project object */;
}
